
Microsoft Visual Studio Solution File, Format Version 12.00
# Visual Studio 15
VisualStudioVersion = 15.0.28307.1062
MinimumVisualStudioVersion = 10.0.40219.1
Project("{8BC9CEB8-8B4A-11D0-8D11-00A0C91BC942}") = "动态数组", "动态数组\动态数组.vcxproj", "{9A839969-76CC-4E82-945D-37DC407815C6}"
EndProject
Project("{8BC9CEB8-8B4A-11D0-8D11-00A0C91BC942}") = "单链表", "链表\链表.vcxproj", "{C5439B2F-0164-4B3A-AFA4-B5ADBD0EA14D}"
EndProject
Project("{8BC9CEB8-8B4A-11D0-8D11-00A0C91BC942}") = "企业链表", "企业链表\企业链表.vcxproj", "{052B50FC-E93B-401C-8700-6030C111A1EE}"
EndProject
Project("{8BC9CEB8-8B4A-11D0-8D11-00A0C91BC942}") = "循环链表(单链表)", "循环链表(单链表)\循环链表(单链表).vcxproj", "{A70E1ABA-FAF7-4288-BE6F-7320738A17BF}"
EndProject
Project("{8BC9CEB8-8B4A-11D0-8D11-00A0C91BC942}") = "循环链表(企业链表)", "循环链表(企业链表)\循环链表.vcxproj", "{2226F1DA-8F1A-4DA6-8918-534F04EB1CEE}"
EndProject
Project("{8BC9CEB8-8B4A-11D0-8D11-00A0C91BC942}") = "约瑟夫", "约瑟夫\约瑟夫.vcxproj", "{296D9C83-B3E1-4033-9985-F42C3B7D5813}"
EndProject
Project("{8BC9CEB8-8B4A-11D0-8D11-00A0C91BC942}") = "双向链表", "双向链表\循环链表(双向链表).vcxproj", "{18E6BE3D-610A-40C6-BBC3-A99D2694767F}"
EndProject
Project("{8BC9CEB8-8B4A-11D0-8D11-00A0C91BC942}") = "栈的顺序存储", "栈的顺序存储\栈的顺序存储.vcxproj", "{A7155358-A8E6-4CA3-B228-510231DF76F3}"
EndProject
Project("{8BC9CEB8-8B4A-11D0-8D11-00A0C91BC942}") = "栈的链式存储", "栈的链式存储\栈的链式存储.vcxproj", "{6E40D959-7FC0-469A-8914-3AC50C803A3D}"
EndProject
Project("{8BC9CEB8-8B4A-11D0-8D11-00A0C91BC942}") = "队列的顺序存储", "队列的顺序存储\队列的顺序存储.vcxproj", "{773365AC-1BFB-4776-9231-846D9FBE3E10}"
EndProject
Project("{8BC9CEB8-8B4A-11D0-8D11-00A0C91BC942}") = "队列的链式存储", "队列的链式存储\队列的链式存储.vcxproj", "{D00E95C9-26C9-47FF-84DC-7E32ABD169E1}"
EndProject
Project("{8BC9CEB8-8B4A-11D0-8D11-00A0C91BC942}") = "栈的应用-括号匹配", "栈的应用-括号匹配\栈的应用-就近匹配.vcxproj", "{D87A8522-4CAE-47F9-95CF-6E016439D24F}"
EndProject
Project("{8BC9CEB8-8B4A-11D0-8D11-00A0C91BC942}") = "栈的应用-表达式", "栈的应用-表达式\栈的应用-表达式.vcxproj", "{839EC81E-710A-439D-A682-4E5945AAFBCA}"
EndProject
Project("{8BC9CEB8-8B4A-11D0-8D11-00A0C91BC942}") = "栈的应用-求值", "栈的应用-求值\栈的应用-求值.vcxproj", "{32C82FA7-E829-49BF-BEA9-687C81B87BA4}"
EndProject
Project("{8BC9CEB8-8B4A-11D0-8D11-00A0C91BC942}") = "树", "树\树.vcxproj", "{53226AEA-5E52-445F-AC38-E33E8AA6D0C3}"
EndProject
Project("{8BC9CEB8-8B4A-11D0-8D11-00A0C91BC942}") = "树的非递归遍历", "树的非递归遍历\树的非递归遍历.vcxproj", "{F7F5C088-6EBD-429D-8264-295818325F8F}"
EndProject
Project("{8BC9CEB8-8B4A-11D0-8D11-00A0C91BC942}") = "创建二叉树", "创建二叉树\创建二叉树.vcxproj", "{C82B4EF5-CFD5-4967-AA09-B62EF0EBEA25}"
EndProject
Project("{8BC9CEB8-8B4A-11D0-8D11-00A0C91BC942}") = "二叉排序树", "二叉排序树\二叉排序树.vcxproj", "{2C6510CD-D15E-46AA-87BA-A342D272C658}"
EndProject
Project("{8BC9CEB8-8B4A-11D0-8D11-00A0C91BC942}") = "排序", "排序\排序.vcxproj", "{CECF564C-4558-4C4C-8CEA-986A5FB82025}"
EndProject
Project("{8BC9CEB8-8B4A-11D0-8D11-00A0C91BC942}") = "图", "图\图.vcxproj", "{542E6D59-B7A9-414C-8D5A-5EA59BF6C61F}"
EndProject
Project("{8BC9CEB8-8B4A-11D0-8D11-00A0C91BC942}") = "图的链式存储", "图的链式存储\图的链式存储.vcxproj", "{E1D5C18A-ABB7-4357-BA9D-C02DC05451F9}"
EndProject
Project("{8BC9CEB8-8B4A-11D0-8D11-00A0C91BC942}") = "最小生成树", "最小生成树\图的4个算法.vcxproj", "{2FA1C9CF-D0B4-4B3A-A378-4D06C91C9E27}"
EndProject
Project("{8BC9CEB8-8B4A-11D0-8D11-00A0C91BC942}") = "最短路径", "最短路径\最短路径.vcxproj", "{12ADE601-12ED-4C8E-96EC-B325733F6A8A}"
EndProject
Global
	GlobalSection(SolutionConfigurationPlatforms) = preSolution
		Debug|x64 = Debug|x64
		Debug|x86 = Debug|x86
		Release|x64 = Release|x64
		Release|x86 = Release|x86
	EndGlobalSection
	GlobalSection(ProjectConfigurationPlatforms) = postSolution
		{9A839969-76CC-4E82-945D-37DC407815C6}.Debug|x64.ActiveCfg = Debug|x64
		{9A839969-76CC-4E82-945D-37DC407815C6}.Debug|x64.Build.0 = Debug|x64
		{9A839969-76CC-4E82-945D-37DC407815C6}.Debug|x86.ActiveCfg = Debug|Win32
		{9A839969-76CC-4E82-945D-37DC407815C6}.Debug|x86.Build.0 = Debug|Win32
		{9A839969-76CC-4E82-945D-37DC407815C6}.Release|x64.ActiveCfg = Release|x64
		{9A839969-76CC-4E82-945D-37DC407815C6}.Release|x64.Build.0 = Release|x64
		{9A839969-76CC-4E82-945D-37DC407815C6}.Release|x86.ActiveCfg = Release|Win32
		{9A839969-76CC-4E82-945D-37DC407815C6}.Release|x86.Build.0 = Release|Win32
		{C5439B2F-0164-4B3A-AFA4-B5ADBD0EA14D}.Debug|x64.ActiveCfg = Debug|x64
		{C5439B2F-0164-4B3A-AFA4-B5ADBD0EA14D}.Debug|x64.Build.0 = Debug|x64
		{C5439B2F-0164-4B3A-AFA4-B5ADBD0EA14D}.Debug|x86.ActiveCfg = Debug|Win32
		{C5439B2F-0164-4B3A-AFA4-B5ADBD0EA14D}.Debug|x86.Build.0 = Debug|Win32
		{C5439B2F-0164-4B3A-AFA4-B5ADBD0EA14D}.Release|x64.ActiveCfg = Release|x64
		{C5439B2F-0164-4B3A-AFA4-B5ADBD0EA14D}.Release|x64.Build.0 = Release|x64
		{C5439B2F-0164-4B3A-AFA4-B5ADBD0EA14D}.Release|x86.ActiveCfg = Release|Win32
		{C5439B2F-0164-4B3A-AFA4-B5ADBD0EA14D}.Release|x86.Build.0 = Release|Win32
		{052B50FC-E93B-401C-8700-6030C111A1EE}.Debug|x64.ActiveCfg = Debug|x64
		{052B50FC-E93B-401C-8700-6030C111A1EE}.Debug|x64.Build.0 = Debug|x64
		{052B50FC-E93B-401C-8700-6030C111A1EE}.Debug|x86.ActiveCfg = Debug|Win32
		{052B50FC-E93B-401C-8700-6030C111A1EE}.Debug|x86.Build.0 = Debug|Win32
		{052B50FC-E93B-401C-8700-6030C111A1EE}.Release|x64.ActiveCfg = Release|x64
		{052B50FC-E93B-401C-8700-6030C111A1EE}.Release|x64.Build.0 = Release|x64
		{052B50FC-E93B-401C-8700-6030C111A1EE}.Release|x86.ActiveCfg = Release|Win32
		{052B50FC-E93B-401C-8700-6030C111A1EE}.Release|x86.Build.0 = Release|Win32
		{A70E1ABA-FAF7-4288-BE6F-7320738A17BF}.Debug|x64.ActiveCfg = Debug|x64
		{A70E1ABA-FAF7-4288-BE6F-7320738A17BF}.Debug|x64.Build.0 = Debug|x64
		{A70E1ABA-FAF7-4288-BE6F-7320738A17BF}.Debug|x86.ActiveCfg = Debug|Win32
		{A70E1ABA-FAF7-4288-BE6F-7320738A17BF}.Debug|x86.Build.0 = Debug|Win32
		{A70E1ABA-FAF7-4288-BE6F-7320738A17BF}.Release|x64.ActiveCfg = Release|x64
		{A70E1ABA-FAF7-4288-BE6F-7320738A17BF}.Release|x64.Build.0 = Release|x64
		{A70E1ABA-FAF7-4288-BE6F-7320738A17BF}.Release|x86.ActiveCfg = Release|Win32
		{A70E1ABA-FAF7-4288-BE6F-7320738A17BF}.Release|x86.Build.0 = Release|Win32
		{2226F1DA-8F1A-4DA6-8918-534F04EB1CEE}.Debug|x64.ActiveCfg = Debug|x64
		{2226F1DA-8F1A-4DA6-8918-534F04EB1CEE}.Debug|x64.Build.0 = Debug|x64
		{2226F1DA-8F1A-4DA6-8918-534F04EB1CEE}.Debug|x86.ActiveCfg = Debug|Win32
		{2226F1DA-8F1A-4DA6-8918-534F04EB1CEE}.Debug|x86.Build.0 = Debug|Win32
		{2226F1DA-8F1A-4DA6-8918-534F04EB1CEE}.Release|x64.ActiveCfg = Release|x64
		{2226F1DA-8F1A-4DA6-8918-534F04EB1CEE}.Release|x64.Build.0 = Release|x64
		{2226F1DA-8F1A-4DA6-8918-534F04EB1CEE}.Release|x86.ActiveCfg = Release|Win32
		{2226F1DA-8F1A-4DA6-8918-534F04EB1CEE}.Release|x86.Build.0 = Release|Win32
		{296D9C83-B3E1-4033-9985-F42C3B7D5813}.Debug|x64.ActiveCfg = Debug|x64
		{296D9C83-B3E1-4033-9985-F42C3B7D5813}.Debug|x64.Build.0 = Debug|x64
		{296D9C83-B3E1-4033-9985-F42C3B7D5813}.Debug|x86.ActiveCfg = Debug|Win32
		{296D9C83-B3E1-4033-9985-F42C3B7D5813}.Debug|x86.Build.0 = Debug|Win32
		{296D9C83-B3E1-4033-9985-F42C3B7D5813}.Release|x64.ActiveCfg = Release|x64
		{296D9C83-B3E1-4033-9985-F42C3B7D5813}.Release|x64.Build.0 = Release|x64
		{296D9C83-B3E1-4033-9985-F42C3B7D5813}.Release|x86.ActiveCfg = Release|Win32
		{296D9C83-B3E1-4033-9985-F42C3B7D5813}.Release|x86.Build.0 = Release|Win32
		{18E6BE3D-610A-40C6-BBC3-A99D2694767F}.Debug|x64.ActiveCfg = Debug|x64
		{18E6BE3D-610A-40C6-BBC3-A99D2694767F}.Debug|x64.Build.0 = Debug|x64
		{18E6BE3D-610A-40C6-BBC3-A99D2694767F}.Debug|x86.ActiveCfg = Debug|Win32
		{18E6BE3D-610A-40C6-BBC3-A99D2694767F}.Debug|x86.Build.0 = Debug|Win32
		{18E6BE3D-610A-40C6-BBC3-A99D2694767F}.Release|x64.ActiveCfg = Release|x64
		{18E6BE3D-610A-40C6-BBC3-A99D2694767F}.Release|x64.Build.0 = Release|x64
		{18E6BE3D-610A-40C6-BBC3-A99D2694767F}.Release|x86.ActiveCfg = Release|Win32
		{18E6BE3D-610A-40C6-BBC3-A99D2694767F}.Release|x86.Build.0 = Release|Win32
		{A7155358-A8E6-4CA3-B228-510231DF76F3}.Debug|x64.ActiveCfg = Debug|x64
		{A7155358-A8E6-4CA3-B228-510231DF76F3}.Debug|x64.Build.0 = Debug|x64
		{A7155358-A8E6-4CA3-B228-510231DF76F3}.Debug|x86.ActiveCfg = Debug|Win32
		{A7155358-A8E6-4CA3-B228-510231DF76F3}.Debug|x86.Build.0 = Debug|Win32
		{A7155358-A8E6-4CA3-B228-510231DF76F3}.Release|x64.ActiveCfg = Release|x64
		{A7155358-A8E6-4CA3-B228-510231DF76F3}.Release|x64.Build.0 = Release|x64
		{A7155358-A8E6-4CA3-B228-510231DF76F3}.Release|x86.ActiveCfg = Release|Win32
		{A7155358-A8E6-4CA3-B228-510231DF76F3}.Release|x86.Build.0 = Release|Win32
		{6E40D959-7FC0-469A-8914-3AC50C803A3D}.Debug|x64.ActiveCfg = Debug|x64
		{6E40D959-7FC0-469A-8914-3AC50C803A3D}.Debug|x64.Build.0 = Debug|x64
		{6E40D959-7FC0-469A-8914-3AC50C803A3D}.Debug|x86.ActiveCfg = Debug|Win32
		{6E40D959-7FC0-469A-8914-3AC50C803A3D}.Debug|x86.Build.0 = Debug|Win32
		{6E40D959-7FC0-469A-8914-3AC50C803A3D}.Release|x64.ActiveCfg = Release|x64
		{6E40D959-7FC0-469A-8914-3AC50C803A3D}.Release|x64.Build.0 = Release|x64
		{6E40D959-7FC0-469A-8914-3AC50C803A3D}.Release|x86.ActiveCfg = Release|Win32
		{6E40D959-7FC0-469A-8914-3AC50C803A3D}.Release|x86.Build.0 = Release|Win32
		{773365AC-1BFB-4776-9231-846D9FBE3E10}.Debug|x64.ActiveCfg = Debug|x64
		{773365AC-1BFB-4776-9231-846D9FBE3E10}.Debug|x64.Build.0 = Debug|x64
		{773365AC-1BFB-4776-9231-846D9FBE3E10}.Debug|x86.ActiveCfg = Debug|Win32
		{773365AC-1BFB-4776-9231-846D9FBE3E10}.Debug|x86.Build.0 = Debug|Win32
		{773365AC-1BFB-4776-9231-846D9FBE3E10}.Release|x64.ActiveCfg = Release|x64
		{773365AC-1BFB-4776-9231-846D9FBE3E10}.Release|x64.Build.0 = Release|x64
		{773365AC-1BFB-4776-9231-846D9FBE3E10}.Release|x86.ActiveCfg = Release|Win32
		{773365AC-1BFB-4776-9231-846D9FBE3E10}.Release|x86.Build.0 = Release|Win32
		{D00E95C9-26C9-47FF-84DC-7E32ABD169E1}.Debug|x64.ActiveCfg = Debug|x64
		{D00E95C9-26C9-47FF-84DC-7E32ABD169E1}.Debug|x64.Build.0 = Debug|x64
		{D00E95C9-26C9-47FF-84DC-7E32ABD169E1}.Debug|x86.ActiveCfg = Debug|Win32
		{D00E95C9-26C9-47FF-84DC-7E32ABD169E1}.Debug|x86.Build.0 = Debug|Win32
		{D00E95C9-26C9-47FF-84DC-7E32ABD169E1}.Release|x64.ActiveCfg = Release|x64
		{D00E95C9-26C9-47FF-84DC-7E32ABD169E1}.Release|x64.Build.0 = Release|x64
		{D00E95C9-26C9-47FF-84DC-7E32ABD169E1}.Release|x86.ActiveCfg = Release|Win32
		{D00E95C9-26C9-47FF-84DC-7E32ABD169E1}.Release|x86.Build.0 = Release|Win32
		{D87A8522-4CAE-47F9-95CF-6E016439D24F}.Debug|x64.ActiveCfg = Debug|x64
		{D87A8522-4CAE-47F9-95CF-6E016439D24F}.Debug|x64.Build.0 = Debug|x64
		{D87A8522-4CAE-47F9-95CF-6E016439D24F}.Debug|x86.ActiveCfg = Debug|Win32
		{D87A8522-4CAE-47F9-95CF-6E016439D24F}.Debug|x86.Build.0 = Debug|Win32
		{D87A8522-4CAE-47F9-95CF-6E016439D24F}.Release|x64.ActiveCfg = Release|x64
		{D87A8522-4CAE-47F9-95CF-6E016439D24F}.Release|x64.Build.0 = Release|x64
		{D87A8522-4CAE-47F9-95CF-6E016439D24F}.Release|x86.ActiveCfg = Release|Win32
		{D87A8522-4CAE-47F9-95CF-6E016439D24F}.Release|x86.Build.0 = Release|Win32
		{839EC81E-710A-439D-A682-4E5945AAFBCA}.Debug|x64.ActiveCfg = Debug|x64
		{839EC81E-710A-439D-A682-4E5945AAFBCA}.Debug|x64.Build.0 = Debug|x64
		{839EC81E-710A-439D-A682-4E5945AAFBCA}.Debug|x86.ActiveCfg = Debug|Win32
		{839EC81E-710A-439D-A682-4E5945AAFBCA}.Debug|x86.Build.0 = Debug|Win32
		{839EC81E-710A-439D-A682-4E5945AAFBCA}.Release|x64.ActiveCfg = Release|x64
		{839EC81E-710A-439D-A682-4E5945AAFBCA}.Release|x64.Build.0 = Release|x64
		{839EC81E-710A-439D-A682-4E5945AAFBCA}.Release|x86.ActiveCfg = Release|Win32
		{839EC81E-710A-439D-A682-4E5945AAFBCA}.Release|x86.Build.0 = Release|Win32
		{32C82FA7-E829-49BF-BEA9-687C81B87BA4}.Debug|x64.ActiveCfg = Debug|x64
		{32C82FA7-E829-49BF-BEA9-687C81B87BA4}.Debug|x64.Build.0 = Debug|x64
		{32C82FA7-E829-49BF-BEA9-687C81B87BA4}.Debug|x86.ActiveCfg = Debug|Win32
		{32C82FA7-E829-49BF-BEA9-687C81B87BA4}.Debug|x86.Build.0 = Debug|Win32
		{32C82FA7-E829-49BF-BEA9-687C81B87BA4}.Release|x64.ActiveCfg = Release|x64
		{32C82FA7-E829-49BF-BEA9-687C81B87BA4}.Release|x64.Build.0 = Release|x64
		{32C82FA7-E829-49BF-BEA9-687C81B87BA4}.Release|x86.ActiveCfg = Release|Win32
		{32C82FA7-E829-49BF-BEA9-687C81B87BA4}.Release|x86.Build.0 = Release|Win32
		{53226AEA-5E52-445F-AC38-E33E8AA6D0C3}.Debug|x64.ActiveCfg = Debug|x64
		{53226AEA-5E52-445F-AC38-E33E8AA6D0C3}.Debug|x64.Build.0 = Debug|x64
		{53226AEA-5E52-445F-AC38-E33E8AA6D0C3}.Debug|x86.ActiveCfg = Debug|Win32
		{53226AEA-5E52-445F-AC38-E33E8AA6D0C3}.Debug|x86.Build.0 = Debug|Win32
		{53226AEA-5E52-445F-AC38-E33E8AA6D0C3}.Release|x64.ActiveCfg = Release|x64
		{53226AEA-5E52-445F-AC38-E33E8AA6D0C3}.Release|x64.Build.0 = Release|x64
		{53226AEA-5E52-445F-AC38-E33E8AA6D0C3}.Release|x86.ActiveCfg = Release|Win32
		{53226AEA-5E52-445F-AC38-E33E8AA6D0C3}.Release|x86.Build.0 = Release|Win32
		{F7F5C088-6EBD-429D-8264-295818325F8F}.Debug|x64.ActiveCfg = Debug|x64
		{F7F5C088-6EBD-429D-8264-295818325F8F}.Debug|x64.Build.0 = Debug|x64
		{F7F5C088-6EBD-429D-8264-295818325F8F}.Debug|x86.ActiveCfg = Debug|Win32
		{F7F5C088-6EBD-429D-8264-295818325F8F}.Debug|x86.Build.0 = Debug|Win32
		{F7F5C088-6EBD-429D-8264-295818325F8F}.Release|x64.ActiveCfg = Release|x64
		{F7F5C088-6EBD-429D-8264-295818325F8F}.Release|x64.Build.0 = Release|x64
		{F7F5C088-6EBD-429D-8264-295818325F8F}.Release|x86.ActiveCfg = Release|Win32
		{F7F5C088-6EBD-429D-8264-295818325F8F}.Release|x86.Build.0 = Release|Win32
		{C82B4EF5-CFD5-4967-AA09-B62EF0EBEA25}.Debug|x64.ActiveCfg = Debug|x64
		{C82B4EF5-CFD5-4967-AA09-B62EF0EBEA25}.Debug|x64.Build.0 = Debug|x64
		{C82B4EF5-CFD5-4967-AA09-B62EF0EBEA25}.Debug|x86.ActiveCfg = Debug|Win32
		{C82B4EF5-CFD5-4967-AA09-B62EF0EBEA25}.Debug|x86.Build.0 = Debug|Win32
		{C82B4EF5-CFD5-4967-AA09-B62EF0EBEA25}.Release|x64.ActiveCfg = Release|x64
		{C82B4EF5-CFD5-4967-AA09-B62EF0EBEA25}.Release|x64.Build.0 = Release|x64
		{C82B4EF5-CFD5-4967-AA09-B62EF0EBEA25}.Release|x86.ActiveCfg = Release|Win32
		{C82B4EF5-CFD5-4967-AA09-B62EF0EBEA25}.Release|x86.Build.0 = Release|Win32
		{2C6510CD-D15E-46AA-87BA-A342D272C658}.Debug|x64.ActiveCfg = Debug|x64
		{2C6510CD-D15E-46AA-87BA-A342D272C658}.Debug|x64.Build.0 = Debug|x64
		{2C6510CD-D15E-46AA-87BA-A342D272C658}.Debug|x86.ActiveCfg = Debug|Win32
		{2C6510CD-D15E-46AA-87BA-A342D272C658}.Debug|x86.Build.0 = Debug|Win32
		{2C6510CD-D15E-46AA-87BA-A342D272C658}.Release|x64.ActiveCfg = Release|x64
		{2C6510CD-D15E-46AA-87BA-A342D272C658}.Release|x64.Build.0 = Release|x64
		{2C6510CD-D15E-46AA-87BA-A342D272C658}.Release|x86.ActiveCfg = Release|Win32
		{2C6510CD-D15E-46AA-87BA-A342D272C658}.Release|x86.Build.0 = Release|Win32
		{CECF564C-4558-4C4C-8CEA-986A5FB82025}.Debug|x64.ActiveCfg = Debug|x64
		{CECF564C-4558-4C4C-8CEA-986A5FB82025}.Debug|x64.Build.0 = Debug|x64
		{CECF564C-4558-4C4C-8CEA-986A5FB82025}.Debug|x86.ActiveCfg = Debug|Win32
		{CECF564C-4558-4C4C-8CEA-986A5FB82025}.Debug|x86.Build.0 = Debug|Win32
		{CECF564C-4558-4C4C-8CEA-986A5FB82025}.Release|x64.ActiveCfg = Release|x64
		{CECF564C-4558-4C4C-8CEA-986A5FB82025}.Release|x64.Build.0 = Release|x64
		{CECF564C-4558-4C4C-8CEA-986A5FB82025}.Release|x86.ActiveCfg = Release|Win32
		{CECF564C-4558-4C4C-8CEA-986A5FB82025}.Release|x86.Build.0 = Release|Win32
		{542E6D59-B7A9-414C-8D5A-5EA59BF6C61F}.Debug|x64.ActiveCfg = Debug|x64
		{542E6D59-B7A9-414C-8D5A-5EA59BF6C61F}.Debug|x64.Build.0 = Debug|x64
		{542E6D59-B7A9-414C-8D5A-5EA59BF6C61F}.Debug|x86.ActiveCfg = Debug|Win32
		{542E6D59-B7A9-414C-8D5A-5EA59BF6C61F}.Debug|x86.Build.0 = Debug|Win32
		{542E6D59-B7A9-414C-8D5A-5EA59BF6C61F}.Release|x64.ActiveCfg = Release|x64
		{542E6D59-B7A9-414C-8D5A-5EA59BF6C61F}.Release|x64.Build.0 = Release|x64
		{542E6D59-B7A9-414C-8D5A-5EA59BF6C61F}.Release|x86.ActiveCfg = Release|Win32
		{542E6D59-B7A9-414C-8D5A-5EA59BF6C61F}.Release|x86.Build.0 = Release|Win32
		{E1D5C18A-ABB7-4357-BA9D-C02DC05451F9}.Debug|x64.ActiveCfg = Debug|x64
		{E1D5C18A-ABB7-4357-BA9D-C02DC05451F9}.Debug|x64.Build.0 = Debug|x64
		{E1D5C18A-ABB7-4357-BA9D-C02DC05451F9}.Debug|x86.ActiveCfg = Debug|Win32
		{E1D5C18A-ABB7-4357-BA9D-C02DC05451F9}.Debug|x86.Build.0 = Debug|Win32
		{E1D5C18A-ABB7-4357-BA9D-C02DC05451F9}.Release|x64.ActiveCfg = Release|x64
		{E1D5C18A-ABB7-4357-BA9D-C02DC05451F9}.Release|x64.Build.0 = Release|x64
		{E1D5C18A-ABB7-4357-BA9D-C02DC05451F9}.Release|x86.ActiveCfg = Release|Win32
		{E1D5C18A-ABB7-4357-BA9D-C02DC05451F9}.Release|x86.Build.0 = Release|Win32
		{2FA1C9CF-D0B4-4B3A-A378-4D06C91C9E27}.Debug|x64.ActiveCfg = Debug|x64
		{2FA1C9CF-D0B4-4B3A-A378-4D06C91C9E27}.Debug|x64.Build.0 = Debug|x64
		{2FA1C9CF-D0B4-4B3A-A378-4D06C91C9E27}.Debug|x86.ActiveCfg = Debug|Win32
		{2FA1C9CF-D0B4-4B3A-A378-4D06C91C9E27}.Debug|x86.Build.0 = Debug|Win32
		{2FA1C9CF-D0B4-4B3A-A378-4D06C91C9E27}.Release|x64.ActiveCfg = Release|x64
		{2FA1C9CF-D0B4-4B3A-A378-4D06C91C9E27}.Release|x64.Build.0 = Release|x64
		{2FA1C9CF-D0B4-4B3A-A378-4D06C91C9E27}.Release|x86.ActiveCfg = Release|Win32
		{2FA1C9CF-D0B4-4B3A-A378-4D06C91C9E27}.Release|x86.Build.0 = Release|Win32
		{12ADE601-12ED-4C8E-96EC-B325733F6A8A}.Debug|x64.ActiveCfg = Debug|x64
		{12ADE601-12ED-4C8E-96EC-B325733F6A8A}.Debug|x64.Build.0 = Debug|x64
		{12ADE601-12ED-4C8E-96EC-B325733F6A8A}.Debug|x86.ActiveCfg = Debug|Win32
		{12ADE601-12ED-4C8E-96EC-B325733F6A8A}.Debug|x86.Build.0 = Debug|Win32
		{12ADE601-12ED-4C8E-96EC-B325733F6A8A}.Release|x64.ActiveCfg = Release|x64
		{12ADE601-12ED-4C8E-96EC-B325733F6A8A}.Release|x64.Build.0 = Release|x64
		{12ADE601-12ED-4C8E-96EC-B325733F6A8A}.Release|x86.ActiveCfg = Release|Win32
		{12ADE601-12ED-4C8E-96EC-B325733F6A8A}.Release|x86.Build.0 = Release|Win32
	EndGlobalSection
	GlobalSection(SolutionProperties) = preSolution
		HideSolutionNode = FALSE
	EndGlobalSection
	GlobalSection(ExtensibilityGlobals) = postSolution
		SolutionGuid = {8F89BE98-0857-4202-9270-625FE9DFE607}
	EndGlobalSection
EndGlobal
